// !$*UTF8*$!
{
	archiveVersion = 1;
	classes = {
	};
	objectVersion = 50;
	objects = {

/* Begin PBXBuildFile section */
		4DD6AD0E2486968400A69872 /* AppDelegate.m in Sources */ = {isa = PBXBuildFile; fileRef = 4DD6AD0D2486968400A69872 /* AppDelegate.m */; };
		4DD6AD112486968400A69872 /* ViewController.m in Sources */ = {isa = PBXBuildFile; fileRef = 4DD6AD102486968400A69872 /* ViewController.m */; };
		4DD6AD142486968400A69872 /* Main.storyboard in Resources */ = {isa = PBXBuildFile; fileRef = 4DD6AD122486968400A69872 /* Main.storyboard */; };
		4DD6AD172486968400A69872 /* _123.xcdatamodeld in Sources */ = {isa = PBXBuildFile; fileRef = 4DD6AD152486968400A69872 /* _123.xcdatamodeld */; };
		4DD6AD192486968600A69872 /* Assets.xcassets in Resources */ = {isa = PBXBuildFile; fileRef = 4DD6AD182486968600A69872 /* Assets.xcassets */; };
		4DD6AD1C2486968600A69872 /* LaunchScreen.storyboard in Resources */ = {isa = PBXBuildFile; fileRef = 4DD6AD1A2486968600A69872 /* LaunchScreen.storyboard */; };
		4DD6AD1F2486968600A69872 /* main.m in Sources */ = {isa = PBXBuildFile; fileRef = 4DD6AD1E2486968600A69872 /* main.m */; };
		4DD6AD292486968600A69872 /* _123Tests.m in Sources */ = {isa = PBXBuildFile; fileRef = 4DD6AD282486968600A69872 /* _123Tests.m */; };
		4DD6AD342486968600A69872 /* _123UITests.m in Sources */ = {isa = PBXBuildFile; fileRef = 4DD6AD332486968600A69872 /* _123UITests.m */; };
/* End PBXBuildFile section */

/* Begin PBXContainerItemProxy section */
		4DD6AD252486968600A69872 /* PBXContainerItemProxy */ = {
			isa = PBXContainerItemProxy;
			containerPortal = 4DD6AD012486968400A69872 /* Project object */;
			proxyType = 1;
			remoteGlobalIDString = 4DD6AD082486968400A69872;
			remoteInfo = 0123;
		};
		4DD6AD302486968600A69872 /* PBXContainerItemProxy */ = {
			isa = PBXContainerItemProxy;
			containerPortal = 4DD6AD012486968400A69872 /* Project object */;
			proxyType = 1;
			remoteGlobalIDString = 4DD6AD082486968400A69872;
			remoteInfo = 0123;
		};
/* End PBXContainerItemProxy section */

/* Begin PBXFileReference section */
		4DD6AD092486968400A69872 /* 0123.app */ = {isa = PBXFileReference; explicitFileType = wrapper.application; includeInIndex = 0; path = 0123.app; sourceTree = BUILT_PRODUCTS_DIR; };
		4DD6AD0C2486968400A69872 /* AppDelegate.h */ = {isa = PBXFileReference; lastKnownFileType = sourcecode.c.h; path = AppDelegate.h; sourceTree = "<group>"; };
		4DD6AD0D2486968400A69872 /* AppDelegate.m */ = {isa = PBXFileReference; lastKnownFileType = sourcecode.c.objc; path = AppDelegate.m; sourceTree = "<group>"; };
		4DD6AD0F2486968400A69872 /* ViewController.h */ = {isa = PBXFileReference; lastKnownFileType = sourcecode.c.h; path = ViewController.h; sourceTree = "<group>"; };
		4DD6AD102486968400A69872 /* ViewController.m */ = {isa = PBXFileReference; lastKnownFileType = sourcecode.c.objc; path = ViewController.m; sourceTree = "<group>"; };
		4DD6AD132486968400A69872 /* Base */ = {isa = PBXFileReference; lastKnownFileType = file.storyboard; name = Base; path = Base.lproj/Main.storyboard; sourceTree = "<group>"; };
		4DD6AD162486968400A69872 /* _123.xcdatamodel */ = {isa = PBXFileReference; lastKnownFileType = wrapper.xcdatamodel; path = _123.xcdatamodel; sourceTree = "<group>"; };
		4DD6AD182486968600A69872 /* Assets.xcassets */ = {isa = PBXFileReference; lastKnownFileType = folder.assetcatalog; path = Assets.xcassets; sourceTree = "<group>"; };
		4DD6AD1B2486968600A69872 /* Base */ = {isa = PBXFileReference; lastKnownFileType = file.storyboard; name = Base; path = Base.lproj/LaunchScreen.storyboard; sourceTree = "<group>"; };
		4DD6AD1D2486968600A69872 /* Info.plist */ = {isa = PBXFileReference; lastKnownFileType = text.plist.xml; path = Info.plist; sourceTree = "<group>"; };
		4DD6AD1E2486968600A69872 /* main.m */ = {isa = PBXFileReference; lastKnownFileType = sourcecode.c.objc; path = main.m; sourceTree = "<group>"; };
		4DD6AD242486968600A69872 /* 0123Tests.xctest */ = {isa = PBXFileReference; explicitFileType = wrapper.cfbundle; includeInIndex = 0; path = 0123Tests.xctest; sourceTree = BUILT_PRODUCTS_DIR; };
		4DD6AD282486968600A69872 /* _123Tests.m */ = {isa = PBXFileReference; lastKnownFileType = sourcecode.c.objc; path = _123Tests.m; sourceTree = "<group>"; };
		4DD6AD2A2486968600A69872 /* Info.plist */ = {isa = PBXFileReference; lastKnownFileType = text.plist.xml; path = Info.plist; sourceTree = "<group>"; };
		4DD6AD2F2486968600A69872 /* 0123UITests.xctest */ = {isa = PBXFileReference; explicitFileType = wrapper.cfbundle; includeInIndex = 0; path = 0123UITests.xctest; sourceTree = BUILT_PRODUCTS_DIR; };
		4DD6AD332486968600A69872 /* _123UITests.m */ = {isa = PBXFileReference; lastKnownFileType = sourcecode.c.objc; path = _123UITests.m; sourceTree = "<group>"; };
		4DD6AD352486968600A69872 /* Info.plist */ = {isa = PBXFileReference; lastKnownFileType = text.plist.xml; path = Info.plist; sourceTree = "<group>"; };
/* End PBXFileReference section */

/* Begin PBXFrameworksBuildPhase section */
		4DD6AD062486968400A69872 /* Frameworks */ = {
			isa = PBXFrameworksBuildPhase;
			buildActionMask = 2147483647;
			files = (
			);
			runOnlyForDeploymentPostprocessing = 0;
		};
		4DD6AD212486968600A69872 /* Frameworks */ = {
			isa = PBXFrameworksBuildPhase;
			buildActionMask = 2147483647;
			files = (
			);
			runOnlyForDeploymentPostprocessing = 0;
		};
		4DD6AD2C2486968600A69872 /* Frameworks */ = {
			isa = PBXFrameworksBuildPhase;
			buildActionMask = 2147483647;
			files = (
			);
			runOnlyForDeploymentPostprocessing = 0;
		};
/* End PBXFrameworksBuildPhase section */

/* Begin PBXGroup section */
		4DD6AD002486968400A69872 = {
			isa = PBXGroup;
			children = (
				4DD6AD0B2486968400A69872 /* 0123 */,
				4DD6AD272486968600A69872 /* 0123Tests */,
				4DD6AD322486968600A69872 /* 0123UITests */,
				4DD6AD0A2486968400A69872 /* Products */,
			);
			sourceTree = "<group>";
		};
		4DD6AD0A2486968400A69872 /* Products */ = {
			isa = PBXGroup;
			children = (
				4DD6AD092486968400A69872 /* 0123.app */,
				4DD6AD242486968600A69872 /* 0123Tests.xctest */,
				4DD6AD2F2486968600A69872 /* 0123UITests.xctest */,
			);
			name = Products;
			sourceTree = "<group>";
		};
		4DD6AD0B2486968400A69872 /* 0123 */ = {
			isa = PBXGroup;
			children = (
				4DD6AD0C2486968400A69872 /* AppDelegate.h */,
				4DD6AD0D2486968400A69872 /* AppDelegate.m */,
				4DD6AD0F2486968400A69872 /* ViewController.h */,
				4DD6AD102486968400A69872 /* ViewController.m */,
				4DD6AD122486968400A69872 /* Main.storyboard */,
				4DD6AD182486968600A69872 /* Assets.xcassets */,
				4DD6AD1A2486968600A69872 /* LaunchScreen.storyboard */,
				4DD6AD1D2486968600A69872 /* Info.plist */,
				4DD6AD1E2486968600A69872 /* main.m */,
				4DD6AD152486968400A69872 /* _123.xcdatamodeld */,
			);
			path = 0123;
			sourceTree = "<group>";
		};
		4DD6AD272486968600A69872 /* 0123Tests */ = {
			isa = PBXGroup;
			children = (
				4DD6AD282486968600A69872 /* _123Tests.m */,
				4DD6AD2A2486968600A69872 /* Info.plist */,
			);
			path = 0123Tests;
			sourceTree = "<group>";
		};
		4DD6AD322486968600A69872 /* 0123UITests */ = {
			isa = PBXGroup;
			children = (
				4DD6AD332486968600A69872 /* _123UITests.m */,
				4DD6AD352486968600A69872 /* Info.plist */,
			);
			path = 0123UITests;
			sourceTree = "<group>";
		};
/* End PBXGroup section */

/* Begin PBXNativeTarget section */
		4DD6AD082486968400A69872 /* 0123 */ = {
			isa = PBXNativeTarget;
			buildConfigurationList = 4DD6AD382486968600A69872 /* Build configuration list for PBXNativeTarget "0123" */;
			buildPhases = (
				4DD6AD052486968400A69872 /* Sources */,
				4DD6AD062486968400A69872 /* Frameworks */,
				4DD6AD072486968400A69872 /* Resources */,
			);
			buildRules = (
			);
			dependencies = (
			);
			name = 0123;
			productName = 0123;
			productReference = 4DD6AD092486968400A69872 /* 0123.app */;
			productType = "com.apple.product-type.application";
		};
		4DD6AD232486968600A69872 /* 0123Tests */ = {
			isa = PBXNativeTarget;
			buildConfigurationList = 4DD6AD3B2486968600A69872 /* Build configuration list for PBXNativeTarget "0123Tests" */;
			buildPhases = (
				4DD6AD202486968600A69872 /* Sources */,
				4DD6AD212486968600A69872 /* Frameworks */,
				4DD6AD222486968600A69872 /* Resources */,
			);
			buildRules = (
			);
			dependencies = (
				4DD6AD262486968600A69872 /* PBXTargetDependency */,
			);
			name = 0123Tests;
			productName = 0123Tests;
			productReference = 4DD6AD242486968600A69872 /* 0123Tests.xctest */;
			productType = "com.apple.product-type.bundle.unit-test";
		};
		4DD6AD2E2486968600A69872 /* 0123UITests */ = {
			isa = PBXNativeTarget;
			buildConfigurationList = 4DD6AD3E2486968600A69872 /* Build configuration list for PBXNativeTarget "0123UITests" */;
			buildPhases = (
				4DD6AD2B2486968600A69872 /* Sources */,
				4DD6AD2C2486968600A69872 /* Frameworks */,
				4DD6AD2D2486968600A69872 /* Resources */,
			);
			buildRules = (
			);
			dependencies = (
				4DD6AD312486968600A69872 /* PBXTargetDependency */,
			);
			name = 0123UITests;
			productName = 0123UITests;
			productReference = 4DD6AD2F2486968600A69872 /* 0123UITests.xctest */;
			productType = "com.apple.product-type.bundle.ui-testing";
		};
/* End PBXNativeTarget section */

/* Begin PBXProject section */
		4DD6AD012486968400A69872 /* Project object */ = {
			isa = PBXProject;
			attributes = {
				LastUpgradeCheck = 1020;
				ORGANIZATIONNAME = Mr.Lin;
				TargetAttributes = {
					4DD6AD082486968400A69872 = {
						CreatedOnToolsVersion = 10.2.1;
					};
					4DD6AD232486968600A69872 = {
						CreatedOnToolsVersion = 10.2.1;
						TestTargetID = 4DD6AD082486968400A69872;
					};
					4DD6AD2E2486968600A69872 = {
						CreatedOnToolsVersion = 10.2.1;
						TestTargetID = 4DD6AD082486968400A69872;
					};
				};
			};
			buildConfigurationList = 4DD6AD042486968400A69872 /* Build configuration list for PBXProject "0123" */;
			compatibilityVersion = "Xcode 9.3";
			developmentRegion = en;
			hasScannedForEncodings = 0;
			knownRegions = (
				en,
				Base,
			);
			mainGroup = 4DD6AD002486968400A69872;
			productRefGroup = 4DD6AD0A2486968400A69872 /* Products */;
			projectDirPath = "";
			projectRoot = "";
			targets = (
				4DD6AD082486968400A69872 /* 0123 */,
				4DD6AD232486968600A69872 /* 0123Tests */,
				4DD6AD2E2486968600A69872 /* 0123UITests */,
			);
		};
/* End PBXProject section */

/* Begin PBXResourcesBuildPhase section */
		4DD6AD072486968400A69872 /* Resources */ = {
			isa = PBXResourcesBuildPhase;
			buildActionMask = 2147483647;
			files = (
				4DD6AD1C2486968600A69872 /* LaunchScreen.storyboard in Resources */,
				4DD6AD192486968600A69872 /* Assets.xcassets in Resources */,
				4DD6AD142486968400A69872 /* Main.storyboard in Resources */,
			);
			runOnlyForDeploymentPostprocessing = 0;
		};
		4DD6AD222486968600A69872 /* Resources */ = {
			isa = PBXResourcesBuildPhase;
			buildActionMask = 2147483647;
			files = (
			);
			runOnlyForDeploymentPostprocessing = 0;
		};
		4DD6AD2D2486968600A69872 /* Resources */ = {
			isa = PBXResourcesBuildPhase;
			buildActionMask = 2147483647;
			files = (
			);
			runOnlyForDeploymentPostprocessing = 0;
		};
/* End PBXResourcesBuildPhase section */

/* Begin PBXSourcesBuildPhase section */
		4DD6AD052486968400A69872 /* Sources */ = {
			isa = PBXSourcesBuildPhase;
			buildActionMask = 2147483647;
			files = (
				4DD6AD112486968400A69872 /* ViewController.m in Sources */,
				4DD6AD172486968400A69872 /* _123.xcdatamodeld in Sources */,
				4DD6AD1F2486968600A69872 /* main.m in Sources */,
				4DD6AD0E2486968400A69872 /* AppDelegate.m in Sources */,
			);
			runOnlyForDeploymentPostprocessing = 0;
		};
		4DD6AD202486968600A69872 /* Sources */ = {
			isa = PBXSourcesBuildPhase;
			buildActionMask = 2147483647;
			files = (
				4DD6AD292486968600A69872 /* _123Tests.m in Sources */,
			);
			runOnlyForDeploymentPostprocessing = 0;
		};
		4DD6AD2B2486968600A69872 /* Sources */ = {
			isa = PBXSourcesBuildPhase;
			buildActionMask = 2147483647;
			files = (
				4DD6AD342486968600A69872 /* _123UITests.m in Sources */,
			);
			runOnlyForDeploymentPostprocessing = 0;
		};
/* End PBXSourcesBuildPhase section */

/* Begin PBXTargetDependency section */
		4DD6AD262486968600A69872 /* PBXTargetDependency */ = {
			isa = PBXTargetDependency;
			target = 4DD6AD082486968400A69872 /* 0123 */;
			targetProxy = 4DD6AD252486968600A69872 /* PBXContainerItemProxy */;
		};
		4DD6AD312486968600A69872 /* PBXTargetDependency */ = {
			isa = PBXTargetDependency;
			target = 4DD6AD082486968400A69872 /* 0123 */;
			targetProxy = 4DD6AD302486968600A69872 /* PBXContainerItemProxy */;
		};
/* End PBXTargetDependency section */

/* Begin PBXVariantGroup section */
		4DD6AD122486968400A69872 /* Main.storyboard */ = {
			isa = PBXVariantGroup;
			children = (
				4DD6AD132486968400A69872 /* Base */,
			);
			name = Main.storyboard;
			sourceTree = "<group>";
		};
		4DD6AD1A2486968600A69872 /* LaunchScreen.storyboard */ = {
			isa = PBXVariantGroup;
			children = (
				4DD6AD1B2486968600A69872 /* Base */,
			);
			name = LaunchScreen.storyboard;
			sourceTree = "<group>";
		};
/* End PBXVariantGroup section */

/* Begin XCBuildConfiguration section */
		4DD6AD362486968600A69872 /* Debug */ = {
			isa = XCBuildConfiguration;
			buildSettings = {
				ALWAYS_SEARCH_USER_PATHS = NO;
				CLANG_ANALYZER_NONNULL = YES;
				CLANG_ANALYZER_NUMBER_OBJECT_CONVERSION = YES_AGGRESSIVE;
				CLANG_CXX_LANGUAGE_STANDARD = "gnu++14";
				CLANG_CXX_LIBRARY = "libc++";
				CLANG_ENABLE_MODULES = YES;
				CLANG_ENABLE_OBJC_ARC = YES;
				CLANG_ENABLE_OBJC_WEAK = YES;
				CLANG_WARN_BLOCK_CAPTURE_AUTORELEASING = YES;
				CLANG_WARN_BOOL_CONVERSION = YES;
				CLANG_WARN_COMMA = YES;
				CLANG_WARN_CONSTANT_CONVERSION = YES;
				CLANG_WARN_DEPRECATED_OBJC_IMPLEMENTATIONS = YES;
				CLANG_WARN_DIRECT_OBJC_ISA_USAGE = YES_ERROR;
				CLANG_WARN_DOCUMENTATION_COMMENTS = YES;
				CLANG_WARN_EMPTY_BODY = YES;
				CLANG_WARN_ENUM_CONVERSION = YES;
				CLANG_WARN_INFINITE_RECURSION = YES;
				CLANG_WARN_INT_CONVERSION = YES;
				CLANG_WARN_NON_LITERAL_NULL_CONVERSION = YES;
				CLANG_WARN_OBJC_IMPLICIT_RETAIN_SELF = YES;
				CLANG_WARN_OBJC_LITERAL_CONVERSION = YES;
				CLANG_WARN_OBJC_ROOT_CLASS = YES_ERROR;
				CLANG_WARN_RANGE_LOOP_ANALYSIS = YES;
				CLANG_WARN_STRICT_PROTOTYPES = YES;
				CLANG_WARN_SUSPICIOUS_MOVE = YES;
				CLANG_WARN_UNGUARDED_AVAILABILITY = YES_AGGRESSIVE;
				CLANG_WARN_UNREACHABLE_CODE = YES;
				CLANG_WARN__DUPLICATE_METHOD_MATCH = YES;
				CODE_SIGN_IDENTITY = "iPhone Developer";
				COPY_PHASE_STRIP = NO;
				DEBUG_INFORMATION_FORMAT = dwarf;
				ENABLE_STRICT_OBJC_MSGSEND = YES;
				ENABLE_TESTABILITY = YES;
				GCC_C_LANGUAGE_STANDARD = gnu11;
				GCC_DYNAMIC_NO_PIC = NO;
				GCC_NO_COMMON_BLOCKS = YES;
				GCC_OPTIMIZATION_LEVEL = 0;
				GCC_PREPROCESSOR_DEFINITIONS = (
					"DEBUG=1",
					"$(inherited)",
				);
				GCC_WARN_64_TO_32_BIT_CONVERSION = YES;
				GCC_WARN_ABOUT_RETURN_TYPE = YES_ERROR;
				GCC_WARN_UNDECLARED_SELECTOR = YES;
				GCC_WARN_UNINITIALIZED_AUTOS = YES_AGGRESSIVE;
				GCC_WARN_UNUSED_FUNCTION = YES;
				GCC_WARN_UNUSED_VARIABLE = YES;
				IPHONEOS_DEPLOYMENT_TARGET = 12.2;
				MTL_ENABLE_DEBUG_INFO = INCLUDE_SOURCE;
				MTL_FAST_MATH = YES;
				ONLY_ACTIVE_ARCH = YES;
				SDKROOT = iphoneos;
			};
			name = Debug;
		};
		4DD6AD372486968600A69872 /* Release */ = {
			isa = XCBuildConfiguration;
			buildSettings = {
				ALWAYS_SEARCH_USER_PATHS = NO;
				CLANG_ANALYZER_NONNULL = YES;
				CLANG_ANALYZER_NUMBER_OBJECT_CONVERSION = YES_AGGRESSIVE;
				CLANG_CXX_LANGUAGE_STANDARD = "gnu++14";
				CLANG_CXX_LIBRARY = "libc++";
				CLANG_ENABLE_MODULES = YES;
				CLANG_ENABLE_OBJC_ARC = YES;
				CLANG_ENABLE_OBJC_WEAK = YES;
				CLANG_WARN_BLOCK_CAPTURE_AUTORELEASING = YES;
				CLANG_WARN_BOOL_CONVERSION = YES;
				CLANG_WARN_COMMA = YES;
				CLANG_WARN_CONSTANT_CONVERSION = YES;
				CLANG_WARN_DEPRECATED_OBJC_IMPLEMENTATIONS = YES;
				CLANG_WARN_DIRECT_OBJC_ISA_USAGE = YES_ERROR;
				CLANG_WARN_DOCUMENTATION_COMMENTS = YES;
				CLANG_WARN_EMPTY_BODY = YES;
				CLANG_WARN_ENUM_CONVERSION = YES;
				CLANG_WARN_INFINITE_RECURSION = YES;
				CLANG_WARN_INT_CONVERSION = YES;
				CLANG_WARN_NON_LITERAL_NULL_CONVERSION = YES;
				CLANG_WARN_OBJC_IMPLICIT_RETAIN_SELF = YES;
				CLANG_WARN_OBJC_LITERAL_CONVERSION = YES;
				CLANG_WARN_OBJC_ROOT_CLASS = YES_ERROR;
				CLANG_WARN_RANGE_LOOP_ANALYSIS = YES;
				CLANG_WARN_STRICT_PROTOTYPES = YES;
				CLANG_WARN_SUSPICIOUS_MOVE = YES;
				CLANG_WARN_UNGUARDED_AVAILABILITY = YES_AGGRESSIVE;
				CLANG_WARN_UNREACHABLE_CODE = YES;
				CLANG_WARN__DUPLICATE_METHOD_MATCH = YES;
				CODE_SIGN_IDENTITY = "iPhone Developer";
				COPY_PHASE_STRIP = NO;
				DEBUG_INFORMATION_FORMAT = "dwarf-with-dsym";
				ENABLE_NS_ASSERTIONS = NO;
				ENABLE_STRICT_OBJC_MSGSEND = YES;
				GCC_C_LANGUAGE_STANDARD = gnu11;
				GCC_NO_COMMON_BLOCKS = YES;
				GCC_WARN_64_TO_32_BIT_CONVERSION = YES;
				GCC_WARN_ABOUT_RETURN_TYPE = YES_ERROR;
				GCC_WARN_UNDECLARED_SELECTOR = YES;
				GCC_WARN_UNINITIALIZED_AUTOS = YES_AGGRESSIVE;
				GCC_WARN_UNUSED_FUNCTION = YES;
				GCC_WARN_UNUSED_VARIABLE = YES;
				IPHONEOS_DEPLOYMENT_TARGET = 12.2;
				MTL_ENABLE_DEBUG_INFO = NO;
				MTL_FAST_MATH = YES;
				SDKROOT = iphoneos;
				VALIDATE_PRODUCT = YES;
			};
			name = Release;
		};
		4DD6AD392486968600A69872 /* Debug */ = {
			isa = XCBuildConfiguration;
			buildSettings = {
				ASSETCATALOG_COMPILER_APPICON_NAME = AppIcon;
				CODE_SIGN_STYLE = Automatic;
				INFOPLIST_FILE = 0123/Info.plist;
				LD_RUNPATH_SEARCH_PATHS = (
					"$(inherited)",
					"@executable_path/Frameworks",
				);
				PRODUCT_BUNDLE_IDENTIFIER = "jianbao.-123";
				PRODUCT_NAME = "$(TARGET_NAME)";
				TARGETED_DEVICE_FAMILY = "1,2";
			};
			name = Debug;
		};
		4DD6AD3A2486968600A69872 /* Release */ = {
			isa = XCBuildConfiguration;
			buildSettings = {
				ASSETCATALOG_COMPILER_APPICON_NAME = AppIcon;
				CODE_SIGN_STYLE = Automatic;
				INFOPLIST_FILE = 0123/Info.plist;
				LD_RUNPATH_SEARCH_PATHS = (
					"$(inherited)",
					"@executable_path/Frameworks",
				);
				PRODUCT_BUNDLE_IDENTIFIER = "jianbao.-123";
				PRODUCT_NAME = "$(TARGET_NAME)";
				TARGETED_DEVICE_FAMILY = "1,2";
			};
			name = Release;
		};
		4DD6AD3C2486968600A69872 /* Debug */ = {
			isa = XCBuildConfiguration;
			buildSettings = {
				BUNDLE_LOADER = "$(TEST_HOST)";
				CODE_SIGN_STYLE = Automatic;
				INFOPLIST_FILE = 0123Tests/Info.plist;
				LD_RUNPATH_SEARCH_PATHS = (
					"$(inherited)",
					"@executable_path/Frameworks",
					"@loader_path/Frameworks",
				);
				PRODUCT_BUNDLE_IDENTIFIER = "jianbao.-123Tests";
				PRODUCT_NAME = "$(TARGET_NAME)";
				TARGETED_DEVICE_FAMILY = "1,2";
				TEST_HOST = "$(BUILT_PRODUCTS_DIR)/0123.app/0123";
			};
			name = Debug;
		};
		4DD6AD3D2486968600A69872 /* Release */ = {
			isa = XCBuildConfiguration;
			buildSettings = {
				BUNDLE_LOADER = "$(TEST_HOST)";
				CODE_SIGN_STYLE = Automatic;
				INFOPLIST_FILE = 0123Tests/Info.plist;
				LD_RUNPATH_SEARCH_PATHS = (
					"$(inherited)",
					"@executable_path/Frameworks",
					"@loader_path/Frameworks",
				);
				PRODUCT_BUNDLE_IDENTIFIER = "jianbao.-123Tests";
				PRODUCT_NAME = "$(TARGET_NAME)";
				TARGETED_DEVICE_FAMILY = "1,2";
				TEST_HOST = "$(BUILT_PRODUCTS_DIR)/0123.app/0123";
			};
			name = Release;
		};
		4DD6AD3F2486968600A69872 /* Debug */ = {
			isa = XCBuildConfiguration;
			buildSettings = {
				CODE_SIGN_STYLE = Automatic;
				INFOPLIST_FILE = 0123UITests/Info.plist;
				LD_RUNPATH_SEARCH_PATHS = (
					"$(inherited)",
					"@executable_path/Frameworks",
					"@loader_path/Frameworks",
				);
				PRODUCT_BUNDLE_IDENTIFIER = "jianbao.-123UITests";
				PRODUCT_NAME = "$(TARGET_NAME)";
				TARGETED_DEVICE_FAMILY = "1,2";
				TEST_TARGET_NAME = 0123;
			};
			name = Debug;
		};
		4DD6AD402486968600A69872 /* Release */ = {
			isa = XCBuildConfiguration;
			buildSettings = {
				CODE_SIGN_STYLE = Automatic;
				INFOPLIST_FILE = 0123UITests/Info.plist;
				LD_RUNPATH_SEARCH_PATHS = (
					"$(inherited)",
					"@executable_path/Frameworks",
					"@loader_path/Frameworks",
				);
				PRODUCT_BUNDLE_IDENTIFIER = "jianbao.-123UITests";
				PRODUCT_NAME = "$(TARGET_NAME)";
				TARGETED_DEVICE_FAMILY = "1,2";
				TEST_TARGET_NAME = 0123;
			};
			name = Release;
		};
/* End XCBuildConfiguration section */

/* Begin XCConfigurationList section */
		4DD6AD042486968400A69872 /* Build configuration list for PBXProject "0123" */ = {
			isa = XCConfigurationList;
			buildConfigurations = (
				4DD6AD362486968600A69872 /* Debug */,
				4DD6AD372486968600A69872 /* Release */,
			);
			defaultConfigurationIsVisible = 0;
			defaultConfigurationName = Release;
		};
		4DD6AD382486968600A69872 /* Build configuration list for PBXNativeTarget "0123" */ = {
			isa = XCConfigurationList;
			buildConfigurations = (
				4DD6AD392486968600A69872 /* Debug */,
				4DD6AD3A2486968600A69872 /* Release */,
			);
			defaultConfigurationIsVisible = 0;
			defaultConfigurationName = Release;
		};
		4DD6AD3B2486968600A69872 /* Build configuration list for PBXNativeTarget "0123Tests" */ = {
			isa = XCConfigurationList;
			buildConfigurations = (
				4DD6AD3C2486968600A69872 /* Debug */,
				4DD6AD3D2486968600A69872 /* Release */,
			);
			defaultConfigurationIsVisible = 0;
			defaultConfigurationName = Release;
		};
		4DD6AD3E2486968600A69872 /* Build configuration list for PBXNativeTarget "0123UITests" */ = {
			isa = XCConfigurationList;
			buildConfigurations = (
				4DD6AD3F2486968600A69872 /* Debug */,
				4DD6AD402486968600A69872 /* Release */,
			);
			defaultConfigurationIsVisible = 0;
			defaultConfigurationName = Release;
		};
/* End XCConfigurationList section */

/* Begin XCVersionGroup section */
		4DD6AD152486968400A69872 /* _123.xcdatamodeld */ = {
			isa = XCVersionGroup;
			children = (
				4DD6AD162486968400A69872 /* _123.xcdatamodel */,
			);
			currentVersion = 4DD6AD162486968400A69872 /* _123.xcdatamodel */;
			path = _123.xcdatamodeld;
			sourceTree = "<group>";
			versionGroupType = wrapper.xcdatamodel;
		};
/* End XCVersionGroup section */
	};
	rootObject = 4DD6AD012486968400A69872 /* Project object */;
}
